
Microsoft Visual Studio Solution File, Format Version 12.00
# Visual Studio Version 16
VisualStudioVersion = 16.0.29025.244
MinimumVisualStudioVersion = 10.0.40219.1
Project("{9A19103F-16F7-4668-BE54-9A1E7A4F7556}") = "LL1_Parser", "LL1_Parser\LL1_Parser.csproj", "{38BA512C-6259-4074-9B59-AD6C9EF1B694}"
EndProject
Project("{9A19103F-16F7-4668-BE54-9A1E7A4F7556}") = "AssemblyWrapperTests", "AssemblyWrapperTests\AssemblyWrapperTests.csproj", "{755AB43F-CDB7-487A-B8BD-86D036C0DE9D}"
EndProject
Project("{FAE04EC0-301F-11D3-BF4B-00C04F79EFBC}") = "BasicTests", "BasicTests\BasicTests.csproj", "{85FD0777-FF3E-43B2-B8A4-EEB0883B7326}"
EndProject
Project("{FAE04EC0-301F-11D3-BF4B-00C04F79EFBC}") = "LamdaExpressionComparement", "LamdaExpressionComparement\LamdaExpressionComparement.csproj", "{7D598410-90BB-4D70-A5B4-039AFDB0D99F}"
EndProject
Global
	GlobalSection(SolutionConfigurationPlatforms) = preSolution
		Debug|Any CPU = Debug|Any CPU
		Release|Any CPU = Release|Any CPU
	EndGlobalSection
	GlobalSection(ProjectConfigurationPlatforms) = postSolution
		{38BA512C-6259-4074-9B59-AD6C9EF1B694}.Debug|Any CPU.ActiveCfg = Debug|Any CPU
		{38BA512C-6259-4074-9B59-AD6C9EF1B694}.Debug|Any CPU.Build.0 = Debug|Any CPU
		{38BA512C-6259-4074-9B59-AD6C9EF1B694}.Release|Any CPU.ActiveCfg = Release|Any CPU
		{38BA512C-6259-4074-9B59-AD6C9EF1B694}.Release|Any CPU.Build.0 = Release|Any CPU
		{755AB43F-CDB7-487A-B8BD-86D036C0DE9D}.Debug|Any CPU.ActiveCfg = Debug|Any CPU
		{755AB43F-CDB7-487A-B8BD-86D036C0DE9D}.Debug|Any CPU.Build.0 = Debug|Any CPU
		{755AB43F-CDB7-487A-B8BD-86D036C0DE9D}.Release|Any CPU.ActiveCfg = Release|Any CPU
		{85FD0777-FF3E-43B2-B8A4-EEB0883B7326}.Debug|Any CPU.ActiveCfg = Debug|Any CPU
		{85FD0777-FF3E-43B2-B8A4-EEB0883B7326}.Debug|Any CPU.Build.0 = Debug|Any CPU
		{85FD0777-FF3E-43B2-B8A4-EEB0883B7326}.Release|Any CPU.ActiveCfg = Release|Any CPU
		{7D598410-90BB-4D70-A5B4-039AFDB0D99F}.Debug|Any CPU.ActiveCfg = Debug|Any CPU
		{7D598410-90BB-4D70-A5B4-039AFDB0D99F}.Debug|Any CPU.Build.0 = Debug|Any CPU
		{7D598410-90BB-4D70-A5B4-039AFDB0D99F}.Release|Any CPU.ActiveCfg = Release|Any CPU
		{7D598410-90BB-4D70-A5B4-039AFDB0D99F}.Release|Any CPU.Build.0 = Release|Any CPU
	EndGlobalSection
	GlobalSection(SolutionProperties) = preSolution
		HideSolutionNode = FALSE
	EndGlobalSection
	GlobalSection(ExtensibilityGlobals) = postSolution
		SolutionGuid = {3C82C5F8-3598-41FE-B247-E37FC9351CD4}
	EndGlobalSection
EndGlobal
